
Microsoft Visual Studio Solution File, Format Version 12.00
# Visual Studio 15
VisualStudioVersion = 15.0.26730.16
MinimumVisualStudioVersion = 10.0.40219.1
Project("{9A19103F-16F7-4668-BE54-9A1E7A4F7556}") = "MixMedia.JointSpace", "MixMedia.JointSpace\MixMedia.JointSpace.csproj", "{FAB4CF4F-BA70-47D8-981A-D438FDE2B55D}"
EndProject
Project("{FAE04EC0-301F-11D3-BF4B-00C04F79EFBC}") = "MixMedia.JointSpace.Tests", "Tests\MixMedia.JointSpace.Tests\MixMedia.JointSpace.Tests.csproj", "{A4751AB5-7791-4949-BE98-5494111C05A4}"
EndProject
Global
	GlobalSection(SolutionConfigurationPlatforms) = preSolution
		Debug|Any CPU = Debug|Any CPU
		Release|Any CPU = Release|Any CPU
	EndGlobalSection
	GlobalSection(ProjectConfigurationPlatforms) = postSolution
		{FAB4CF4F-BA70-47D8-981A-D438FDE2B55D}.Debug|Any CPU.ActiveCfg = Debug|Any CPU
		{FAB4CF4F-BA70-47D8-981A-D438FDE2B55D}.Debug|Any CPU.Build.0 = Debug|Any CPU
		{FAB4CF4F-BA70-47D8-981A-D438FDE2B55D}.Release|Any CPU.ActiveCfg = Release|Any CPU
		{FAB4CF4F-BA70-47D8-981A-D438FDE2B55D}.Release|Any CPU.Build.0 = Release|Any CPU
		{A4751AB5-7791-4949-BE98-5494111C05A4}.Debug|Any CPU.ActiveCfg = Debug|Any CPU
		{A4751AB5-7791-4949-BE98-5494111C05A4}.Debug|Any CPU.Build.0 = Debug|Any CPU
		{A4751AB5-7791-4949-BE98-5494111C05A4}.Release|Any CPU.ActiveCfg = Release|Any CPU
		{A4751AB5-7791-4949-BE98-5494111C05A4}.Release|Any CPU.Build.0 = Release|Any CPU
	EndGlobalSection
	GlobalSection(SolutionProperties) = preSolution
		HideSolutionNode = FALSE
	EndGlobalSection
	GlobalSection(ExtensibilityGlobals) = postSolution
		SolutionGuid = {860F919B-4222-45CA-B4C0-225E69FFF36F}
	EndGlobalSection
EndGlobal
