
Microsoft Visual Studio Solution File, Format Version 12.00
# Visual Studio 15
VisualStudioVersion = 15.0.26730.16
MinimumVisualStudioVersion = 10.0.40219.1
Project("{FAE04EC0-301F-11D3-BF4B-00C04F79EFBC}") = "MixMedia.JointSpace", "MixMedia.JointSpace\MixMedia.JointSpace.csproj", "{8DB73D70-133D-45B4-8C51-069C129CC096}"
EndProject
Project("{FAE04EC0-301F-11D3-BF4B-00C04F79EFBC}") = "MixMedia.JointSpace.Test", "MixMedia.JointSpace.Test\MixMedia.JointSpace.Test.csproj", "{5B5AA3E3-BA15-4E5D-8D39-63194E1F6C8F}"
EndProject
Global
	GlobalSection(SolutionConfigurationPlatforms) = preSolution
		Debug|Any CPU = Debug|Any CPU
		Release|Any CPU = Release|Any CPU
	EndGlobalSection
	GlobalSection(ProjectConfigurationPlatforms) = postSolution
		{8DB73D70-133D-45B4-8C51-069C129CC096}.Debug|Any CPU.ActiveCfg = Debug|Any CPU
		{8DB73D70-133D-45B4-8C51-069C129CC096}.Debug|Any CPU.Build.0 = Debug|Any CPU
		{8DB73D70-133D-45B4-8C51-069C129CC096}.Release|Any CPU.ActiveCfg = Release|Any CPU
		{8DB73D70-133D-45B4-8C51-069C129CC096}.Release|Any CPU.Build.0 = Release|Any CPU
		{5B5AA3E3-BA15-4E5D-8D39-63194E1F6C8F}.Debug|Any CPU.ActiveCfg = Debug|Any CPU
		{5B5AA3E3-BA15-4E5D-8D39-63194E1F6C8F}.Debug|Any CPU.Build.0 = Debug|Any CPU
		{5B5AA3E3-BA15-4E5D-8D39-63194E1F6C8F}.Release|Any CPU.ActiveCfg = Release|Any CPU
		{5B5AA3E3-BA15-4E5D-8D39-63194E1F6C8F}.Release|Any CPU.Build.0 = Release|Any CPU
	EndGlobalSection
	GlobalSection(SolutionProperties) = preSolution
		HideSolutionNode = FALSE
	EndGlobalSection
	GlobalSection(ExtensibilityGlobals) = postSolution
		SolutionGuid = {25A34754-C0FB-4871-A8C6-970452FC1602}
	EndGlobalSection
EndGlobal
